
Microsoft Visual Studio Solution File, Format Version 12.00
# Visual Studio Version 17
VisualStudioVersion = 17.9.34728.123
MinimumVisualStudioVersion = 10.0.40219.1
Project("{9A19103F-16F7-4668-BE54-9A1E7A4F7556}") = "MTKDotNetCore.ConsoleApp", "MTKDotNetCore.ConsoleApp\MTKDotNetCore.ConsoleApp.csproj", "{DFBD0978-9770-412B-9F95-107A20DD6695}"
EndProject
Project("{2150E333-8FDC-42A3-9474-1A3956D46DE8}") = "Documents", "Documents", "{3D2DFF6D-FF11-4826-98E5-52B3D7C75974}"
	ProjectSection(SolutionItems) = preProject
		MTKDotNetCore.sql = MTKDotNetCore.sql
		README.md = README.md
	EndProjectSection
EndProject
Project("{9A19103F-16F7-4668-BE54-9A1E7A4F7556}") = "MTKDotNetCore.RestApi", "MTKDotNetCore.RestApi\MTKDotNetCore.RestApi.csproj", "{1FCD89F2-CADA-430B-9783-E8DC500E6069}"
EndProject
Project("{9A19103F-16F7-4668-BE54-9A1E7A4F7556}") = "MTKDotNetCore.Shared", "MTKDotNetCore.Shared\MTKDotNetCore.Shared.csproj", "{07C5A127-7A40-4019-94C8-3691037757AE}"
EndProject
Project("{9A19103F-16F7-4668-BE54-9A1E7A4F7556}") = "MTKDotNetCore.RestApiWithNLayer", "MTKDotNetCore.RestApiWithNLayer\MTKDotNetCore.RestApiWithNLayer.csproj", "{E8BE62D9-AF39-4970-A4A1-6542267576C7}"
EndProject
Project("{9A19103F-16F7-4668-BE54-9A1E7A4F7556}") = "MTKDotNetCore.ConsoleAppHttpClient", "MTKDotNetCore.ConsoleAppHttpClient\MTKDotNetCore.ConsoleAppHttpClient.csproj", "{5745899B-79B9-4987-BA5A-9FCF13CCD540}"
EndProject
Project("{9A19103F-16F7-4668-BE54-9A1E7A4F7556}") = "MTKDotNetCore.ConsoleAppHttpClientExamples", "MTKDotNetCore.HttpClientExamples\MTKDotNetCore.ConsoleAppHttpClientExamples.csproj", "{54DC3B2B-B853-483C-B964-DB26ECF7CF12}"
EndProject
Project("{9A19103F-16F7-4668-BE54-9A1E7A4F7556}") = "MTKDotNetCore.ConsoleAppRestClientExamples", "MTKDotNetCore.ConsoleAppRestClientExamples\MTKDotNetCore.ConsoleAppRestClientExamples.csproj", "{A5B1D68E-EBEA-47AD-A6C7-29660F511543}"
EndProject
Project("{9A19103F-16F7-4668-BE54-9A1E7A4F7556}") = "MTKDotNetCore.PizzaApi", "MTKDotNetCore.PizzaApi\MTKDotNetCore.PizzaApi.csproj", "{9FF8C048-8260-4FDD-84F7-155102CB960F}"
EndProject
Project("{FAE04EC0-301F-11D3-BF4B-00C04F79EFBC}") = "MTKDotNetCore.ConsoleAppRefitExamples", "MTKDotNetCore.ConsoleAppRefitExamples\MTKDotNetCore.ConsoleAppRefitExamples.csproj", "{407DC478-60AC-40C3-9C5D-45E6CC28C2A7}"
EndProject
Global
	GlobalSection(SolutionConfigurationPlatforms) = preSolution
		Debug|Any CPU = Debug|Any CPU
		Release|Any CPU = Release|Any CPU
	EndGlobalSection
	GlobalSection(ProjectConfigurationPlatforms) = postSolution
		{DFBD0978-9770-412B-9F95-107A20DD6695}.Debug|Any CPU.ActiveCfg = Debug|Any CPU
		{DFBD0978-9770-412B-9F95-107A20DD6695}.Debug|Any CPU.Build.0 = Debug|Any CPU
		{DFBD0978-9770-412B-9F95-107A20DD6695}.Release|Any CPU.ActiveCfg = Release|Any CPU
		{DFBD0978-9770-412B-9F95-107A20DD6695}.Release|Any CPU.Build.0 = Release|Any CPU
		{1FCD89F2-CADA-430B-9783-E8DC500E6069}.Debug|Any CPU.ActiveCfg = Debug|Any CPU
		{1FCD89F2-CADA-430B-9783-E8DC500E6069}.Debug|Any CPU.Build.0 = Debug|Any CPU
		{1FCD89F2-CADA-430B-9783-E8DC500E6069}.Release|Any CPU.ActiveCfg = Release|Any CPU
		{1FCD89F2-CADA-430B-9783-E8DC500E6069}.Release|Any CPU.Build.0 = Release|Any CPU
		{07C5A127-7A40-4019-94C8-3691037757AE}.Debug|Any CPU.ActiveCfg = Debug|Any CPU
		{07C5A127-7A40-4019-94C8-3691037757AE}.Debug|Any CPU.Build.0 = Debug|Any CPU
		{07C5A127-7A40-4019-94C8-3691037757AE}.Release|Any CPU.ActiveCfg = Release|Any CPU
		{07C5A127-7A40-4019-94C8-3691037757AE}.Release|Any CPU.Build.0 = Release|Any CPU
		{E8BE62D9-AF39-4970-A4A1-6542267576C7}.Debug|Any CPU.ActiveCfg = Debug|Any CPU
		{E8BE62D9-AF39-4970-A4A1-6542267576C7}.Debug|Any CPU.Build.0 = Debug|Any CPU
		{E8BE62D9-AF39-4970-A4A1-6542267576C7}.Release|Any CPU.ActiveCfg = Release|Any CPU
		{E8BE62D9-AF39-4970-A4A1-6542267576C7}.Release|Any CPU.Build.0 = Release|Any CPU
		{5745899B-79B9-4987-BA5A-9FCF13CCD540}.Debug|Any CPU.ActiveCfg = Debug|Any CPU
		{5745899B-79B9-4987-BA5A-9FCF13CCD540}.Debug|Any CPU.Build.0 = Debug|Any CPU
		{5745899B-79B9-4987-BA5A-9FCF13CCD540}.Release|Any CPU.ActiveCfg = Release|Any CPU
		{5745899B-79B9-4987-BA5A-9FCF13CCD540}.Release|Any CPU.Build.0 = Release|Any CPU
		{54DC3B2B-B853-483C-B964-DB26ECF7CF12}.Debug|Any CPU.ActiveCfg = Debug|Any CPU
		{54DC3B2B-B853-483C-B964-DB26ECF7CF12}.Debug|Any CPU.Build.0 = Debug|Any CPU
		{54DC3B2B-B853-483C-B964-DB26ECF7CF12}.Release|Any CPU.ActiveCfg = Release|Any CPU
		{54DC3B2B-B853-483C-B964-DB26ECF7CF12}.Release|Any CPU.Build.0 = Release|Any CPU
		{A5B1D68E-EBEA-47AD-A6C7-29660F511543}.Debug|Any CPU.ActiveCfg = Debug|Any CPU
		{A5B1D68E-EBEA-47AD-A6C7-29660F511543}.Debug|Any CPU.Build.0 = Debug|Any CPU
		{A5B1D68E-EBEA-47AD-A6C7-29660F511543}.Release|Any CPU.ActiveCfg = Release|Any CPU
		{A5B1D68E-EBEA-47AD-A6C7-29660F511543}.Release|Any CPU.Build.0 = Release|Any CPU
		{9FF8C048-8260-4FDD-84F7-155102CB960F}.Debug|Any CPU.ActiveCfg = Debug|Any CPU
		{9FF8C048-8260-4FDD-84F7-155102CB960F}.Debug|Any CPU.Build.0 = Debug|Any CPU
		{9FF8C048-8260-4FDD-84F7-155102CB960F}.Release|Any CPU.ActiveCfg = Release|Any CPU
		{9FF8C048-8260-4FDD-84F7-155102CB960F}.Release|Any CPU.Build.0 = Release|Any CPU
		{407DC478-60AC-40C3-9C5D-45E6CC28C2A7}.Debug|Any CPU.ActiveCfg = Debug|Any CPU
		{407DC478-60AC-40C3-9C5D-45E6CC28C2A7}.Debug|Any CPU.Build.0 = Debug|Any CPU
		{407DC478-60AC-40C3-9C5D-45E6CC28C2A7}.Release|Any CPU.ActiveCfg = Release|Any CPU
		{407DC478-60AC-40C3-9C5D-45E6CC28C2A7}.Release|Any CPU.Build.0 = Release|Any CPU
	EndGlobalSection
	GlobalSection(SolutionProperties) = preSolution
		HideSolutionNode = FALSE
	EndGlobalSection
	GlobalSection(ExtensibilityGlobals) = postSolution
		SolutionGuid = {1827B445-E65F-4B86-8ACE-7677317CB6CF}
	EndGlobalSection
EndGlobal
